
Microsoft Visual Studio Solution File, Format Version 12.00
# Visual Studio Version 16
VisualStudioVersion = 16.0.32630.194
MinimumVisualStudioVersion = 10.0.40219.1
Project("{FAE04EC0-301F-11D3-BF4B-00C04F79EFBC}") = "EntityOrnek", "EntityOrnek\EntityOrnek.csproj", "{E476AC38-85C0-416C-B6BC-F48C43413DBE}"
EndProject
Global
	GlobalSection(SolutionConfigurationPlatforms) = preSolution
		Debug|Any CPU = Debug|Any CPU
		Release|Any CPU = Release|Any CPU
	EndGlobalSection
	GlobalSection(ProjectConfigurationPlatforms) = postSolution
		{E476AC38-85C0-416C-B6BC-F48C43413DBE}.Debug|Any CPU.ActiveCfg = Debug|Any CPU
		{E476AC38-85C0-416C-B6BC-F48C43413DBE}.Debug|Any CPU.Build.0 = Debug|Any CPU
		{E476AC38-85C0-416C-B6BC-F48C43413DBE}.Release|Any CPU.ActiveCfg = Release|Any CPU
		{E476AC38-85C0-416C-B6BC-F48C43413DBE}.Release|Any CPU.Build.0 = Release|Any CPU
	EndGlobalSection
	GlobalSection(SolutionProperties) = preSolution
		HideSolutionNode = FALSE
	EndGlobalSection
	GlobalSection(ExtensibilityGlobals) = postSolution
		SolutionGuid = {6CD1C6D4-F829-48A6-BABD-E7D3C8532E16}
	EndGlobalSection
EndGlobal
