
Microsoft Visual Studio Solution File, Format Version 12.00
# Visual Studio Version 16
VisualStudioVersion = 16.0.32228.343
MinimumVisualStudioVersion = 10.0.40219.1
Project("{FAE04EC0-301F-11D3-BF4B-00C04F79EFBC}") = "Proje_OOP", "Proje_OOP\Proje_OOP.csproj", "{8138AABF-F120-4FE4-8A42-23F365DD35EC}"
EndProject
Global
	GlobalSection(SolutionConfigurationPlatforms) = preSolution
		Debug|Any CPU = Debug|Any CPU
		Release|Any CPU = Release|Any CPU
	EndGlobalSection
	GlobalSection(ProjectConfigurationPlatforms) = postSolution
		{8138AABF-F120-4FE4-8A42-23F365DD35EC}.Debug|Any CPU.ActiveCfg = Debug|Any CPU
		{8138AABF-F120-4FE4-8A42-23F365DD35EC}.Debug|Any CPU.Build.0 = Debug|Any CPU
		{8138AABF-F120-4FE4-8A42-23F365DD35EC}.Release|Any CPU.ActiveCfg = Release|Any CPU
		{8138AABF-F120-4FE4-8A42-23F365DD35EC}.Release|Any CPU.Build.0 = Release|Any CPU
	EndGlobalSection
	GlobalSection(SolutionProperties) = preSolution
		HideSolutionNode = FALSE
	EndGlobalSection
	GlobalSection(ExtensibilityGlobals) = postSolution
		SolutionGuid = {9137D523-1EFC-4CA7-92A7-15CF1C91CBA1}
	EndGlobalSection
EndGlobal
