
Microsoft Visual Studio Solution File, Format Version 12.00
# Visual Studio Version 16
VisualStudioVersion = 16.0.32630.194
MinimumVisualStudioVersion = 10.0.40219.1
Project("{FAE04EC0-301F-11D3-BF4B-00C04F79EFBC}") = "Skill_CodeFirstEntity", "Skill_CodeFirstEntity\Skill_CodeFirstEntity.csproj", "{8F24E9D2-A2D2-468F-B16C-D8893CC07C89}"
EndProject
Global
	GlobalSection(SolutionConfigurationPlatforms) = preSolution
		Debug|Any CPU = Debug|Any CPU
		Release|Any CPU = Release|Any CPU
	EndGlobalSection
	GlobalSection(ProjectConfigurationPlatforms) = postSolution
		{8F24E9D2-A2D2-468F-B16C-D8893CC07C89}.Debug|Any CPU.ActiveCfg = Debug|Any CPU
		{8F24E9D2-A2D2-468F-B16C-D8893CC07C89}.Debug|Any CPU.Build.0 = Debug|Any CPU
		{8F24E9D2-A2D2-468F-B16C-D8893CC07C89}.Release|Any CPU.ActiveCfg = Release|Any CPU
		{8F24E9D2-A2D2-468F-B16C-D8893CC07C89}.Release|Any CPU.Build.0 = Release|Any CPU
	EndGlobalSection
	GlobalSection(SolutionProperties) = preSolution
		HideSolutionNode = FALSE
	EndGlobalSection
	GlobalSection(ExtensibilityGlobals) = postSolution
		SolutionGuid = {4573C672-7CE2-42FD-821E-57E8E760383B}
	EndGlobalSection
EndGlobal
